
Microsoft Visual Studio Solution File, Format Version 12.00
# Visual Studio Version 17
VisualStudioVersion = 17.3.32929.385
MinimumVisualStudioVersion = 10.0.40219.1
Project("{2150E333-8FDC-42A3-9474-1A3956D46DE8}") = "FrontEnd", "FrontEnd", "{F05316B2-BC0F-4528-A8F5-3D98D9FB9EDA}"
EndProject
Project("{FAE04EC0-301F-11D3-BF4B-00C04F79EFBC}") = "Artisanaux.Web", "Artisanaux.Web\Artisanaux.Web.csproj", "{1A7806FF-7942-47BA-BBC1-8F651003C3E2}"
EndProject
Project("{2150E333-8FDC-42A3-9474-1A3956D46DE8}") = "Services", "Services", "{6A9533C9-E002-4F8A-8EF1-1684E664B8E2}"
EndProject
Project("{FAE04EC0-301F-11D3-BF4B-00C04F79EFBC}") = "Artisanaux.Services.ProductAPI", "Artisanaux.Services.ProductAPI\Artisanaux.Services.ProductAPI.csproj", "{812D7BD4-8008-48D7-BF1D-260E119036B7}"
EndProject
Global
	GlobalSection(SolutionConfigurationPlatforms) = preSolution
		Debug|Any CPU = Debug|Any CPU
		Release|Any CPU = Release|Any CPU
	EndGlobalSection
	GlobalSection(ProjectConfigurationPlatforms) = postSolution
		{1A7806FF-7942-47BA-BBC1-8F651003C3E2}.Debug|Any CPU.ActiveCfg = Debug|Any CPU
		{1A7806FF-7942-47BA-BBC1-8F651003C3E2}.Debug|Any CPU.Build.0 = Debug|Any CPU
		{1A7806FF-7942-47BA-BBC1-8F651003C3E2}.Release|Any CPU.ActiveCfg = Release|Any CPU
		{1A7806FF-7942-47BA-BBC1-8F651003C3E2}.Release|Any CPU.Build.0 = Release|Any CPU
		{812D7BD4-8008-48D7-BF1D-260E119036B7}.Debug|Any CPU.ActiveCfg = Debug|Any CPU
		{812D7BD4-8008-48D7-BF1D-260E119036B7}.Debug|Any CPU.Build.0 = Debug|Any CPU
		{812D7BD4-8008-48D7-BF1D-260E119036B7}.Release|Any CPU.ActiveCfg = Release|Any CPU
		{812D7BD4-8008-48D7-BF1D-260E119036B7}.Release|Any CPU.Build.0 = Release|Any CPU
	EndGlobalSection
	GlobalSection(SolutionProperties) = preSolution
		HideSolutionNode = FALSE
	EndGlobalSection
	GlobalSection(NestedProjects) = preSolution
		{1A7806FF-7942-47BA-BBC1-8F651003C3E2} = {F05316B2-BC0F-4528-A8F5-3D98D9FB9EDA}
		{812D7BD4-8008-48D7-BF1D-260E119036B7} = {6A9533C9-E002-4F8A-8EF1-1684E664B8E2}
	EndGlobalSection
	GlobalSection(ExtensibilityGlobals) = postSolution
		SolutionGuid = {0DF3C88A-6FAF-4CF6-A9C4-D838E9363017}
	EndGlobalSection
EndGlobal
